<?xml version="1.0" encoding="UTF-8" standalone="yes" ?>
<CodeBlocks_project_file>
	<FileVersion major="1" minor="6" />
	<Project>
		<Option title="BiologySim" />
		<Option pch_mode="2" />
		<Option compiler="gcc" />
		<Build>
			<Target title="Debug">
				<Option output="bin/Debug/BiologySim" prefix_auto="1" extension_auto="1" />
				<Option object_output="obj/Debug/" />
				<Option type="1" />
				<Option compiler="gcc" />
				<Compiler>
					<Add option="-g" />
				</Compiler>
				<Linker>
					<Add library="sfml-graphics-d" />
					<Add library="sfml-window-d" />
					<Add library="sfml-system-d" />
				</Linker>
			</Target>
			<Target title="Release">
				<Option output="bin/Release/BiologySim" prefix_auto="1" extension_auto="1" />
				<Option object_output="obj/Release/" />
				<Option type="0" />
				<Option compiler="gcc" />
				<Compiler>
					<Add option="-O2" />
				</Compiler>
				<Linker>
					<Add option="-s" />
					<Add library="sfml-graphics" />
					<Add library="sfml-window" />
					<Add library="sfml-system" />
				</Linker>
			</Target>
		</Build>
		<Compiler>
			<Add option="-Wall" />
			<Add directory="C:/SFML-2.1/include" />
		</Compiler>
		<Linker>
			<Add library="mingw32" />
			<Add library="user32" />
			<Add library="gdi32" />
			<Add library="winmm" />
			<Add library="dxguid" />
			<Add directory="C:/SFML-2.1/lib" />
		</Linker>
		<Unit filename="UserInterfaceFuncs.h" />
		<Unit filename="clickingStuff.h" />
		<Unit filename="constants.h" />
		<Unit filename="dataTypes.h" />
		<Unit filename="determineDataClicked.h" />
		<Unit filename="displayTextOnScreen.h" />
		<Unit filename="editActions.h" />
		<Unit filename="extinctionCheck.h" />
		<Unit filename="findNextEmptySpecies.h" />
		<Unit filename="findNextFreeColor.h" />
		<Unit filename="flowchartOps.h" />
		<Unit filename="graphicsConstants.h" />
		<Unit filename="individualOps.h" />
		<Unit filename="load.h" />
		<Unit filename="loadTextures.h" />
		<Unit filename="main.cpp" />
		<Unit filename="makeNewSpecies.h" />
		<Unit filename="mapOps.h" />
		<Unit filename="noiseStuff.h" />
		<Unit filename="pauseActions.h" />
		<Unit filename="playerActions.h" />
		<Unit filename="requiresData.h" />
		<Unit filename="showIndividualInfo.h" />
		<Unit filename="spriteFileNames.h" />
		<Unit filename="spriteID.h" />
		<Unit filename="variables.h" />
		<Extensions>
			<code_completion />
			<envvars />
			<debugger />
			<lib_finder disable_auto="1" />
		</Extensions>
	</Project>
</CodeBlocks_project_file>
